// !$*UTF8*$!
{
	archiveVersion = 1;
	classes = {
	};
	objectVersion = 56;
	objects = {

/* Begin PBXBuildFile section */
		729496032BAF8DD200350AB9 /* SaveBetterApp.swift in Sources */ = {isa = PBXBuildFile; fileRef = 729496022BAF8DD200350AB9 /* SaveBetterApp.swift */; };
		729496052BAF8DD200350AB9 /* ContentView.swift in Sources */ = {isa = PBXBuildFile; fileRef = 729496042BAF8DD200350AB9 /* ContentView.swift */; };
		729496072BAF8DD700350AB9 /* Assets.xcassets in Resources */ = {isa = PBXBuildFile; fileRef = 729496062BAF8DD700350AB9 /* Assets.xcassets */; };
		7294960A2BAF8DD700350AB9 /* Preview Assets.xcassets in Resources */ = {isa = PBXBuildFile; fileRef = 729496092BAF8DD700350AB9 /* Preview Assets.xcassets */; };
		729496142BAF8DD800350AB9 /* SaveBetterTests.swift in Sources */ = {isa = PBXBuildFile; fileRef = 729496132BAF8DD800350AB9 /* SaveBetterTests.swift */; };
		7294961E2BAF8DD800350AB9 /* SaveBetterUITests.swift in Sources */ = {isa = PBXBuildFile; fileRef = 7294961D2BAF8DD800350AB9 /* SaveBetterUITests.swift */; };
		729496202BAF8DD800350AB9 /* SaveBetterUITestsLaunchTests.swift in Sources */ = {isa = PBXBuildFile; fileRef = 7294961F2BAF8DD800350AB9 /* SaveBetterUITestsLaunchTests.swift */; };
/* End PBXBuildFile section */

/* Begin PBXContainerItemProxy section */
		729496102BAF8DD800350AB9 /* PBXContainerItemProxy */ = {
			isa = PBXContainerItemProxy;
			containerPortal = 729495F72BAF8DD200350AB9 /* Project object */;
			proxyType = 1;
			remoteGlobalIDString = 729495FE2BAF8DD200350AB9;
			remoteInfo = SaveBetter;
		};
		7294961A2BAF8DD800350AB9 /* PBXContainerItemProxy */ = {
			isa = PBXContainerItemProxy;
			containerPortal = 729495F72BAF8DD200350AB9 /* Project object */;
			proxyType = 1;
			remoteGlobalIDString = 729495FE2BAF8DD200350AB9;
			remoteInfo = SaveBetter;
		};
/* End PBXContainerItemProxy section */

/* Begin PBXFileReference section */
		729495FF2BAF8DD200350AB9 /* SaveBetter.app */ = {isa = PBXFileReference; explicitFileType = wrapper.application; includeInIndex = 0; path = SaveBetter.app; sourceTree = BUILT_PRODUCTS_DIR; };
		729496022BAF8DD200350AB9 /* SaveBetterApp.swift */ = {isa = PBXFileReference; lastKnownFileType = sourcecode.swift; path = SaveBetterApp.swift; sourceTree = "<group>"; };
		729496042BAF8DD200350AB9 /* ContentView.swift */ = {isa = PBXFileReference; lastKnownFileType = sourcecode.swift; path = ContentView.swift; sourceTree = "<group>"; };
		729496062BAF8DD700350AB9 /* Assets.xcassets */ = {isa = PBXFileReference; lastKnownFileType = folder.assetcatalog; path = Assets.xcassets; sourceTree = "<group>"; };
		729496092BAF8DD700350AB9 /* Preview Assets.xcassets */ = {isa = PBXFileReference; lastKnownFileType = folder.assetcatalog; path = "Preview Assets.xcassets"; sourceTree = "<group>"; };
		7294960F2BAF8DD800350AB9 /* SaveBetterTests.xctest */ = {isa = PBXFileReference; explicitFileType = wrapper.cfbundle; includeInIndex = 0; path = SaveBetterTests.xctest; sourceTree = BUILT_PRODUCTS_DIR; };
		729496132BAF8DD800350AB9 /* SaveBetterTests.swift */ = {isa = PBXFileReference; lastKnownFileType = sourcecode.swift; path = SaveBetterTests.swift; sourceTree = "<group>"; };
		729496192BAF8DD800350AB9 /* SaveBetterUITests.xctest */ = {isa = PBXFileReference; explicitFileType = wrapper.cfbundle; includeInIndex = 0; path = SaveBetterUITests.xctest; sourceTree = BUILT_PRODUCTS_DIR; };
		7294961D2BAF8DD800350AB9 /* SaveBetterUITests.swift */ = {isa = PBXFileReference; lastKnownFileType = sourcecode.swift; path = SaveBetterUITests.swift; sourceTree = "<group>"; };
		7294961F2BAF8DD800350AB9 /* SaveBetterUITestsLaunchTests.swift */ = {isa = PBXFileReference; lastKnownFileType = sourcecode.swift; path = SaveBetterUITestsLaunchTests.swift; sourceTree = "<group>"; };
/* End PBXFileReference section */

/* Begin PBXFrameworksBuildPhase section */
		729495FC2BAF8DD200350AB9 /* Frameworks */ = {
			isa = PBXFrameworksBuildPhase;
			buildActionMask = 2147483647;
			files = (
			);
			runOnlyForDeploymentPostprocessing = 0;
		};
		7294960C2BAF8DD800350AB9 /* Frameworks */ = {
			isa = PBXFrameworksBuildPhase;
			buildActionMask = 2147483647;
			files = (
			);
			runOnlyForDeploymentPostprocessing = 0;
		};
		729496162BAF8DD800350AB9 /* Frameworks */ = {
			isa = PBXFrameworksBuildPhase;
			buildActionMask = 2147483647;
			files = (
			);
			runOnlyForDeploymentPostprocessing = 0;
		};
/* End PBXFrameworksBuildPhase section */

/* Begin PBXGroup section */
		729495F62BAF8DD100350AB9 = {
			isa = PBXGroup;
			children = (
				729496012BAF8DD200350AB9 /* SaveBetter */,
				729496122BAF8DD800350AB9 /* SaveBetterTests */,
				7294961C2BAF8DD800350AB9 /* SaveBetterUITests */,
				729496002BAF8DD200350AB9 /* Products */,
			);
			sourceTree = "<group>";
		};
		729496002BAF8DD200350AB9 /* Products */ = {
			isa = PBXGroup;
			children = (
				729495FF2BAF8DD200350AB9 /* SaveBetter.app */,
				7294960F2BAF8DD800350AB9 /* SaveBetterTests.xctest */,
				729496192BAF8DD800350AB9 /* SaveBetterUITests.xctest */,
			);
			name = Products;
			sourceTree = "<group>";
		};
		729496012BAF8DD200350AB9 /* SaveBetter */ = {
			isa = PBXGroup;
			children = (
				729496022BAF8DD200350AB9 /* SaveBetterApp.swift */,
				729496042BAF8DD200350AB9 /* ContentView.swift */,
				729496062BAF8DD700350AB9 /* Assets.xcassets */,
				729496082BAF8DD700350AB9 /* Preview Content */,
			);
			path = SaveBetter;
			sourceTree = "<group>";
		};
		729496082BAF8DD700350AB9 /* Preview Content */ = {
			isa = PBXGroup;
			children = (
				729496092BAF8DD700350AB9 /* Preview Assets.xcassets */,
			);
			path = "Preview Content";
			sourceTree = "<group>";
		};
		729496122BAF8DD800350AB9 /* SaveBetterTests */ = {
			isa = PBXGroup;
			children = (
				729496132BAF8DD800350AB9 /* SaveBetterTests.swift */,
			);
			path = SaveBetterTests;
			sourceTree = "<group>";
		};
		7294961C2BAF8DD800350AB9 /* SaveBetterUITests */ = {
			isa = PBXGroup;
			children = (
				7294961D2BAF8DD800350AB9 /* SaveBetterUITests.swift */,
				7294961F2BAF8DD800350AB9 /* SaveBetterUITestsLaunchTests.swift */,
			);
			path = SaveBetterUITests;
			sourceTree = "<group>";
		};
/* End PBXGroup section */

/* Begin PBXNativeTarget section */
		729495FE2BAF8DD200350AB9 /* SaveBetter */ = {
			isa = PBXNativeTarget;
			buildConfigurationList = 729496232BAF8DD800350AB9 /* Build configuration list for PBXNativeTarget "SaveBetter" */;
			buildPhases = (
				729495FB2BAF8DD200350AB9 /* Sources */,
				729495FC2BAF8DD200350AB9 /* Frameworks */,
				729495FD2BAF8DD200350AB9 /* Resources */,
			);
			buildRules = (
			);
			dependencies = (
			);
			name = SaveBetter;
			productName = SaveBetter;
			productReference = 729495FF2BAF8DD200350AB9 /* SaveBetter.app */;
			productType = "com.apple.product-type.application";
		};
		7294960E2BAF8DD800350AB9 /* SaveBetterTests */ = {
			isa = PBXNativeTarget;
			buildConfigurationList = 729496262BAF8DD800350AB9 /* Build configuration list for PBXNativeTarget "SaveBetterTests" */;
			buildPhases = (
				7294960B2BAF8DD800350AB9 /* Sources */,
				7294960C2BAF8DD800350AB9 /* Frameworks */,
				7294960D2BAF8DD800350AB9 /* Resources */,
			);
			buildRules = (
			);
			dependencies = (
				729496112BAF8DD800350AB9 /* PBXTargetDependency */,
			);
			name = SaveBetterTests;
			productName = SaveBetterTests;
			productReference = 7294960F2BAF8DD800350AB9 /* SaveBetterTests.xctest */;
			productType = "com.apple.product-type.bundle.unit-test";
		};
		729496182BAF8DD800350AB9 /* SaveBetterUITests */ = {
			isa = PBXNativeTarget;
			buildConfigurationList = 729496292BAF8DD800350AB9 /* Build configuration list for PBXNativeTarget "SaveBetterUITests" */;
			buildPhases = (
				729496152BAF8DD800350AB9 /* Sources */,
				729496162BAF8DD800350AB9 /* Frameworks */,
				729496172BAF8DD800350AB9 /* Resources */,
			);
			buildRules = (
			);
			dependencies = (
				7294961B2BAF8DD800350AB9 /* PBXTargetDependency */,
			);
			name = SaveBetterUITests;
			productName = SaveBetterUITests;
			productReference = 729496192BAF8DD800350AB9 /* SaveBetterUITests.xctest */;
			productType = "com.apple.product-type.bundle.ui-testing";
		};
/* End PBXNativeTarget section */

/* Begin PBXProject section */
		729495F72BAF8DD200350AB9 /* Project object */ = {
			isa = PBXProject;
			attributes = {
				BuildIndependentTargetsInParallel = 1;
				LastSwiftUpdateCheck = 1520;
				LastUpgradeCheck = 1520;
				TargetAttributes = {
					729495FE2BAF8DD200350AB9 = {
						CreatedOnToolsVersion = 15.2;
					};
					7294960E2BAF8DD800350AB9 = {
						CreatedOnToolsVersion = 15.2;
						TestTargetID = 729495FE2BAF8DD200350AB9;
					};
					729496182BAF8DD800350AB9 = {
						CreatedOnToolsVersion = 15.2;
						TestTargetID = 729495FE2BAF8DD200350AB9;
					};
				};
			};
			buildConfigurationList = 729495FA2BAF8DD200350AB9 /* Build configuration list for PBXProject "SaveBetter" */;
			compatibilityVersion = "Xcode 14.0";
			developmentRegion = en;
			hasScannedForEncodings = 0;
			knownRegions = (
				en,
				Base,
			);
			mainGroup = 729495F62BAF8DD100350AB9;
			productRefGroup = 729496002BAF8DD200350AB9 /* Products */;
			projectDirPath = "";
			projectRoot = "";
			targets = (
				729495FE2BAF8DD200350AB9 /* SaveBetter */,
				7294960E2BAF8DD800350AB9 /* SaveBetterTests */,
				729496182BAF8DD800350AB9 /* SaveBetterUITests */,
			);
		};
/* End PBXProject section */

/* Begin PBXResourcesBuildPhase section */
		729495FD2BAF8DD200350AB9 /* Resources */ = {
			isa = PBXResourcesBuildPhase;
			buildActionMask = 2147483647;
			files = (
				7294960A2BAF8DD700350AB9 /* Preview Assets.xcassets in Resources */,
				729496072BAF8DD700350AB9 /* Assets.xcassets in Resources */,
			);
			runOnlyForDeploymentPostprocessing = 0;
		};
		7294960D2BAF8DD800350AB9 /* Resources */ = {
			isa = PBXResourcesBuildPhase;
			buildActionMask = 2147483647;
			files = (
			);
			runOnlyForDeploymentPostprocessing = 0;
		};
		729496172BAF8DD800350AB9 /* Resources */ = {
			isa = PBXResourcesBuildPhase;
			buildActionMask = 2147483647;
			files = (
			);
			runOnlyForDeploymentPostprocessing = 0;
		};
/* End PBXResourcesBuildPhase section */

/* Begin PBXSourcesBuildPhase section */
		729495FB2BAF8DD200350AB9 /* Sources */ = {
			isa = PBXSourcesBuildPhase;
			buildActionMask = 2147483647;
			files = (
				729496052BAF8DD200350AB9 /* ContentView.swift in Sources */,
				729496032BAF8DD200350AB9 /* SaveBetterApp.swift in Sources */,
			);
			runOnlyForDeploymentPostprocessing = 0;
		};
		7294960B2BAF8DD800350AB9 /* Sources */ = {
			isa = PBXSourcesBuildPhase;
			buildActionMask = 2147483647;
			files = (
				729496142BAF8DD800350AB9 /* SaveBetterTests.swift in Sources */,
			);
			runOnlyForDeploymentPostprocessing = 0;
		};
		729496152BAF8DD800350AB9 /* Sources */ = {
			isa = PBXSourcesBuildPhase;
			buildActionMask = 2147483647;
			files = (
				7294961E2BAF8DD800350AB9 /* SaveBetterUITests.swift in Sources */,
				729496202BAF8DD800350AB9 /* SaveBetterUITestsLaunchTests.swift in Sources */,
			);
			runOnlyForDeploymentPostprocessing = 0;
		};
/* End PBXSourcesBuildPhase section */

/* Begin PBXTargetDependency section */
		729496112BAF8DD800350AB9 /* PBXTargetDependency */ = {
			isa = PBXTargetDependency;
			target = 729495FE2BAF8DD200350AB9 /* SaveBetter */;
			targetProxy = 729496102BAF8DD800350AB9 /* PBXContainerItemProxy */;
		};
		7294961B2BAF8DD800350AB9 /* PBXTargetDependency */ = {
			isa = PBXTargetDependency;
			target = 729495FE2BAF8DD200350AB9 /* SaveBetter */;
			targetProxy = 7294961A2BAF8DD800350AB9 /* PBXContainerItemProxy */;
		};
/* End PBXTargetDependency section */

/* Begin XCBuildConfiguration section */
		729496212BAF8DD800350AB9 /* Debug */ = {
			isa = XCBuildConfiguration;
			buildSettings = {
				ALWAYS_SEARCH_USER_PATHS = NO;
				ASSETCATALOG_COMPILER_GENERATE_SWIFT_ASSET_SYMBOL_EXTENSIONS = YES;
				CLANG_ANALYZER_NONNULL = YES;
				CLANG_ANALYZER_NUMBER_OBJECT_CONVERSION = YES_AGGRESSIVE;
				CLANG_CXX_LANGUAGE_STANDARD = "gnu++20";
				CLANG_ENABLE_MODULES = YES;
				CLANG_ENABLE_OBJC_ARC = YES;
				CLANG_ENABLE_OBJC_WEAK = YES;
				CLANG_WARN_BLOCK_CAPTURE_AUTORELEASING = YES;
				CLANG_WARN_BOOL_CONVERSION = YES;
				CLANG_WARN_COMMA = YES;
				CLANG_WARN_CONSTANT_CONVERSION = YES;
				CLANG_WARN_DEPRECATED_OBJC_IMPLEMENTATIONS = YES;
				CLANG_WARN_DIRECT_OBJC_ISA_USAGE = YES_ERROR;
				CLANG_WARN_DOCUMENTATION_COMMENTS = YES;
				CLANG_WARN_EMPTY_BODY = YES;
				CLANG_WARN_ENUM_CONVERSION = YES;
				CLANG_WARN_INFINITE_RECURSION = YES;
				CLANG_WARN_INT_CONVERSION = YES;
				CLANG_WARN_NON_LITERAL_NULL_CONVERSION = YES;
				CLANG_WARN_OBJC_IMPLICIT_RETAIN_SELF = YES;
				CLANG_WARN_OBJC_LITERAL_CONVERSION = YES;
				CLANG_WARN_OBJC_ROOT_CLASS = YES_ERROR;
				CLANG_WARN_QUOTED_INCLUDE_IN_FRAMEWORK_HEADER = YES;
				CLANG_WARN_RANGE_LOOP_ANALYSIS = YES;
				CLANG_WARN_STRICT_PROTOTYPES = YES;
				CLANG_WARN_SUSPICIOUS_MOVE = YES;
				CLANG_WARN_UNGUARDED_AVAILABILITY = YES_AGGRESSIVE;
				CLANG_WARN_UNREACHABLE_CODE = YES;
				CLANG_WARN__DUPLICATE_METHOD_MATCH = YES;
				COPY_PHASE_STRIP = NO;
				DEBUG_INFORMATION_FORMAT = dwarf;
				ENABLE_STRICT_OBJC_MSGSEND = YES;
				ENABLE_TESTABILITY = YES;
				ENABLE_USER_SCRIPT_SANDBOXING = YES;
				GCC_C_LANGUAGE_STANDARD = gnu17;
				GCC_DYNAMIC_NO_PIC = NO;
				GCC_NO_COMMON_BLOCKS = YES;
				GCC_OPTIMIZATION_LEVEL = 0;
				GCC_PREPROCESSOR_DEFINITIONS = (
					"DEBUG=1",
					"$(inherited)",
				);
				GCC_WARN_64_TO_32_BIT_CONVERSION = YES;
				GCC_WARN_ABOUT_RETURN_TYPE = YES_ERROR;
				GCC_WARN_UNDECLARED_SELECTOR = YES;
				GCC_WARN_UNINITIALIZED_AUTOS = YES_AGGRESSIVE;
				GCC_WARN_UNUSED_FUNCTION = YES;
				GCC_WARN_UNUSED_VARIABLE = YES;
				IPHONEOS_DEPLOYMENT_TARGET = 17.2;
				LOCALIZATION_PREFERS_STRING_CATALOGS = YES;
				MTL_ENABLE_DEBUG_INFO = INCLUDE_SOURCE;
				MTL_FAST_MATH = YES;
				ONLY_ACTIVE_ARCH = YES;
				SDKROOT = iphoneos;
				SWIFT_ACTIVE_COMPILATION_CONDITIONS = "DEBUG $(inherited)";
				SWIFT_OPTIMIZATION_LEVEL = "-Onone";
			};
			name = Debug;
		};
		729496222BAF8DD800350AB9 /* Release */ = {
			isa = XCBuildConfiguration;
			buildSettings = {
				ALWAYS_SEARCH_USER_PATHS = NO;
				ASSETCATALOG_COMPILER_GENERATE_SWIFT_ASSET_SYMBOL_EXTENSIONS = YES;
				CLANG_ANALYZER_NONNULL = YES;
				CLANG_ANALYZER_NUMBER_OBJECT_CONVERSION = YES_AGGRESSIVE;
				CLANG_CXX_LANGUAGE_STANDARD = "gnu++20";
				CLANG_ENABLE_MODULES = YES;
				CLANG_ENABLE_OBJC_ARC = YES;
				CLANG_ENABLE_OBJC_WEAK = YES;
				CLANG_WARN_BLOCK_CAPTURE_AUTORELEASING = YES;
				CLANG_WARN_BOOL_CONVERSION = YES;
				CLANG_WARN_COMMA = YES;
				CLANG_WARN_CONSTANT_CONVERSION = YES;
				CLANG_WARN_DEPRECATED_OBJC_IMPLEMENTATIONS = YES;
				CLANG_WARN_DIRECT_OBJC_ISA_USAGE = YES_ERROR;
				CLANG_WARN_DOCUMENTATION_COMMENTS = YES;
				CLANG_WARN_EMPTY_BODY = YES;
				CLANG_WARN_ENUM_CONVERSION = YES;
				CLANG_WARN_INFINITE_RECURSION = YES;
				CLANG_WARN_INT_CONVERSION = YES;
				CLANG_WARN_NON_LITERAL_NULL_CONVERSION = YES;
				CLANG_WARN_OBJC_IMPLICIT_RETAIN_SELF = YES;
				CLANG_WARN_OBJC_LITERAL_CONVERSION = YES;
				CLANG_WARN_OBJC_ROOT_CLASS = YES_ERROR;
				CLANG_WARN_QUOTED_INCLUDE_IN_FRAMEWORK_HEADER = YES;
				CLANG_WARN_RANGE_LOOP_ANALYSIS = YES;
				CLANG_WARN_STRICT_PROTOTYPES = YES;
				CLANG_WARN_SUSPICIOUS_MOVE = YES;
				CLANG_WARN_UNGUARDED_AVAILABILITY = YES_AGGRESSIVE;
				CLANG_WARN_UNREACHABLE_CODE = YES;
				CLANG_WARN__DUPLICATE_METHOD_MATCH = YES;
				COPY_PHASE_STRIP = NO;
				DEBUG_INFORMATION_FORMAT = "dwarf-with-dsym";
				ENABLE_NS_ASSERTIONS = NO;
				ENABLE_STRICT_OBJC_MSGSEND = YES;
				ENABLE_USER_SCRIPT_SANDBOXING = YES;
				GCC_C_LANGUAGE_STANDARD = gnu17;
				GCC_NO_COMMON_BLOCKS = YES;
				GCC_WARN_64_TO_32_BIT_CONVERSION = YES;
				GCC_WARN_ABOUT_RETURN_TYPE = YES_ERROR;
				GCC_WARN_UNDECLARED_SELECTOR = YES;
				GCC_WARN_UNINITIALIZED_AUTOS = YES_AGGRESSIVE;
				GCC_WARN_UNUSED_FUNCTION = YES;
				GCC_WARN_UNUSED_VARIABLE = YES;
				IPHONEOS_DEPLOYMENT_TARGET = 17.2;
				LOCALIZATION_PREFERS_STRING_CATALOGS = YES;
				MTL_ENABLE_DEBUG_INFO = NO;
				MTL_FAST_MATH = YES;
				SDKROOT = iphoneos;
				SWIFT_COMPILATION_MODE = wholemodule;
				VALIDATE_PRODUCT = YES;
			};
			name = Release;
		};
		729496242BAF8DD800350AB9 /* Debug */ = {
			isa = XCBuildConfiguration;
			buildSettings = {
				ASSETCATALOG_COMPILER_APPICON_NAME = AppIcon;
				ASSETCATALOG_COMPILER_GLOBAL_ACCENT_COLOR_NAME = AccentColor;
				CODE_SIGN_STYLE = Automatic;
				CURRENT_PROJECT_VERSION = 1;
				DEVELOPMENT_ASSET_PATHS = "\"SaveBetter/Preview Content\"";
				DEVELOPMENT_TEAM = L67ZM4NK66;
				ENABLE_PREVIEWS = YES;
				GENERATE_INFOPLIST_FILE = YES;
				INFOPLIST_KEY_UIApplicationSceneManifest_Generation = YES;
				INFOPLIST_KEY_UIApplicationSupportsIndirectInputEvents = YES;
				INFOPLIST_KEY_UILaunchScreen_Generation = YES;
				INFOPLIST_KEY_UISupportedInterfaceOrientations_iPad = "UIInterfaceOrientationPortrait UIInterfaceOrientationPortraitUpsideDown UIInterfaceOrientationLandscapeLeft UIInterfaceOrientationLandscapeRight";
				INFOPLIST_KEY_UISupportedInterfaceOrientations_iPhone = "UIInterfaceOrientationPortrait UIInterfaceOrientationLandscapeLeft UIInterfaceOrientationLandscapeRight";
				LD_RUNPATH_SEARCH_PATHS = (
					"$(inherited)",
					"@executable_path/Frameworks",
				);
				MARKETING_VERSION = 1.0;
				PRODUCT_BUNDLE_IDENTIFIER = "Karner-David.SaveBetter";
				PRODUCT_NAME = "$(TARGET_NAME)";
				SWIFT_EMIT_LOC_STRINGS = YES;
				SWIFT_VERSION = 5.0;
				TARGETED_DEVICE_FAMILY = "1,2";
			};
			name = Debug;
		};
		729496252BAF8DD800350AB9 /* Release */ = {
			isa = XCBuildConfiguration;
			buildSettings = {
				ASSETCATALOG_COMPILER_APPICON_NAME = AppIcon;
				ASSETCATALOG_COMPILER_GLOBAL_ACCENT_COLOR_NAME = AccentColor;
				CODE_SIGN_STYLE = Automatic;
				CURRENT_PROJECT_VERSION = 1;
				DEVELOPMENT_ASSET_PATHS = "\"SaveBetter/Preview Content\"";
				DEVELOPMENT_TEAM = L67ZM4NK66;
				ENABLE_PREVIEWS = YES;
				GENERATE_INFOPLIST_FILE = YES;
				INFOPLIST_KEY_UIApplicationSceneManifest_Generation = YES;
				INFOPLIST_KEY_UIApplicationSupportsIndirectInputEvents = YES;
				INFOPLIST_KEY_UILaunchScreen_Generation = YES;
				INFOPLIST_KEY_UISupportedInterfaceOrientations_iPad = "UIInterfaceOrientationPortrait UIInterfaceOrientationPortraitUpsideDown UIInterfaceOrientationLandscapeLeft UIInterfaceOrientationLandscapeRight";
				INFOPLIST_KEY_UISupportedInterfaceOrientations_iPhone = "UIInterfaceOrientationPortrait UIInterfaceOrientationLandscapeLeft UIInterfaceOrientationLandscapeRight";
				LD_RUNPATH_SEARCH_PATHS = (
					"$(inherited)",
					"@executable_path/Frameworks",
				);
				MARKETING_VERSION = 1.0;
				PRODUCT_BUNDLE_IDENTIFIER = "Karner-David.SaveBetter";
				PRODUCT_NAME = "$(TARGET_NAME)";
				SWIFT_EMIT_LOC_STRINGS = YES;
				SWIFT_VERSION = 5.0;
				TARGETED_DEVICE_FAMILY = "1,2";
			};
			name = Release;
		};
		729496272BAF8DD800350AB9 /* Debug */ = {
			isa = XCBuildConfiguration;
			buildSettings = {
				ALWAYS_EMBED_SWIFT_STANDARD_LIBRARIES = YES;
				BUNDLE_LOADER = "$(TEST_HOST)";
				CODE_SIGN_STYLE = Automatic;
				CURRENT_PROJECT_VERSION = 1;
				DEVELOPMENT_TEAM = L67ZM4NK66;
				GENERATE_INFOPLIST_FILE = YES;
				IPHONEOS_DEPLOYMENT_TARGET = 17.2;
				MARKETING_VERSION = 1.0;
				PRODUCT_BUNDLE_IDENTIFIER = "Karner-David.SaveBetterTests";
				PRODUCT_NAME = "$(TARGET_NAME)";
				SWIFT_EMIT_LOC_STRINGS = NO;
				SWIFT_VERSION = 5.0;
				TARGETED_DEVICE_FAMILY = "1,2";
				TEST_HOST = "$(BUILT_PRODUCTS_DIR)/SaveBetter.app/$(BUNDLE_EXECUTABLE_FOLDER_PATH)/SaveBetter";
			};
			name = Debug;
		};
		729496282BAF8DD800350AB9 /* Release */ = {
			isa = XCBuildConfiguration;
			buildSettings = {
				ALWAYS_EMBED_SWIFT_STANDARD_LIBRARIES = YES;
				BUNDLE_LOADER = "$(TEST_HOST)";
				CODE_SIGN_STYLE = Automatic;
				CURRENT_PROJECT_VERSION = 1;
				DEVELOPMENT_TEAM = L67ZM4NK66;
				GENERATE_INFOPLIST_FILE = YES;
				IPHONEOS_DEPLOYMENT_TARGET = 17.2;
				MARKETING_VERSION = 1.0;
				PRODUCT_BUNDLE_IDENTIFIER = "Karner-David.SaveBetterTests";
				PRODUCT_NAME = "$(TARGET_NAME)";
				SWIFT_EMIT_LOC_STRINGS = NO;
				SWIFT_VERSION = 5.0;
				TARGETED_DEVICE_FAMILY = "1,2";
				TEST_HOST = "$(BUILT_PRODUCTS_DIR)/SaveBetter.app/$(BUNDLE_EXECUTABLE_FOLDER_PATH)/SaveBetter";
			};
			name = Release;
		};
		7294962A2BAF8DD800350AB9 /* Debug */ = {
			isa = XCBuildConfiguration;
			buildSettings = {
				ALWAYS_EMBED_SWIFT_STANDARD_LIBRARIES = YES;
				CODE_SIGN_STYLE = Automatic;
				CURRENT_PROJECT_VERSION = 1;
				DEVELOPMENT_TEAM = L67ZM4NK66;
				GENERATE_INFOPLIST_FILE = YES;
				MARKETING_VERSION = 1.0;
				PRODUCT_BUNDLE_IDENTIFIER = "Karner-David.SaveBetterUITests";
				PRODUCT_NAME = "$(TARGET_NAME)";
				SWIFT_EMIT_LOC_STRINGS = NO;
				SWIFT_VERSION = 5.0;
				TARGETED_DEVICE_FAMILY = "1,2";
				TEST_TARGET_NAME = SaveBetter;
			};
			name = Debug;
		};
		7294962B2BAF8DD800350AB9 /* Release */ = {
			isa = XCBuildConfiguration;
			buildSettings = {
				ALWAYS_EMBED_SWIFT_STANDARD_LIBRARIES = YES;
				CODE_SIGN_STYLE = Automatic;
				CURRENT_PROJECT_VERSION = 1;
				DEVELOPMENT_TEAM = L67ZM4NK66;
				GENERATE_INFOPLIST_FILE = YES;
				MARKETING_VERSION = 1.0;
				PRODUCT_BUNDLE_IDENTIFIER = "Karner-David.SaveBetterUITests";
				PRODUCT_NAME = "$(TARGET_NAME)";
				SWIFT_EMIT_LOC_STRINGS = NO;
				SWIFT_VERSION = 5.0;
				TARGETED_DEVICE_FAMILY = "1,2";
				TEST_TARGET_NAME = SaveBetter;
			};
			name = Release;
		};
/* End XCBuildConfiguration section */

/* Begin XCConfigurationList section */
		729495FA2BAF8DD200350AB9 /* Build configuration list for PBXProject "SaveBetter" */ = {
			isa = XCConfigurationList;
			buildConfigurations = (
				729496212BAF8DD800350AB9 /* Debug */,
				729496222BAF8DD800350AB9 /* Release */,
			);
			defaultConfigurationIsVisible = 0;
			defaultConfigurationName = Release;
		};
		729496232BAF8DD800350AB9 /* Build configuration list for PBXNativeTarget "SaveBetter" */ = {
			isa = XCConfigurationList;
			buildConfigurations = (
				729496242BAF8DD800350AB9 /* Debug */,
				729496252BAF8DD800350AB9 /* Release */,
			);
			defaultConfigurationIsVisible = 0;
			defaultConfigurationName = Release;
		};
		729496262BAF8DD800350AB9 /* Build configuration list for PBXNativeTarget "SaveBetterTests" */ = {
			isa = XCConfigurationList;
			buildConfigurations = (
				729496272BAF8DD800350AB9 /* Debug */,
				729496282BAF8DD800350AB9 /* Release */,
			);
			defaultConfigurationIsVisible = 0;
			defaultConfigurationName = Release;
		};
		729496292BAF8DD800350AB9 /* Build configuration list for PBXNativeTarget "SaveBetterUITests" */ = {
			isa = XCConfigurationList;
			buildConfigurations = (
				7294962A2BAF8DD800350AB9 /* Debug */,
				7294962B2BAF8DD800350AB9 /* Release */,
			);
			defaultConfigurationIsVisible = 0;
			defaultConfigurationName = Release;
		};
/* End XCConfigurationList section */
	};
	rootObject = 729495F72BAF8DD200350AB9 /* Project object */;
}
